
Microsoft Visual Studio Solution File, Format Version 12.00
# Visual Studio Version 17
VisualStudioVersion = 17.13.35825.156 d17.13
MinimumVisualStudioVersion = 10.0.40219.1
Project("{FAE04EC0-301F-11D3-BF4B-00C04F79EFBC}") = "TodoAppCustomControls", "TodoAppCustomControls\TodoAppCustomControls.csproj", "{0F6148F7-53E7-481C-9421-D7A7067DCE39}"
EndProject
Global
	GlobalSection(SolutionConfigurationPlatforms) = preSolution
		Debug|Any CPU = Debug|Any CPU
		Release|Any CPU = Release|Any CPU
	EndGlobalSection
	GlobalSection(ProjectConfigurationPlatforms) = postSolution
		{0F6148F7-53E7-481C-9421-D7A7067DCE39}.Debug|Any CPU.ActiveCfg = Debug|Any CPU
		{0F6148F7-53E7-481C-9421-D7A7067DCE39}.Debug|Any CPU.Build.0 = Debug|Any CPU
		{0F6148F7-53E7-481C-9421-D7A7067DCE39}.Release|Any CPU.ActiveCfg = Release|Any CPU
		{0F6148F7-53E7-481C-9421-D7A7067DCE39}.Release|Any CPU.Build.0 = Release|Any CPU
	EndGlobalSection
	GlobalSection(SolutionProperties) = preSolution
		HideSolutionNode = FALSE
	EndGlobalSection
	GlobalSection(ExtensibilityGlobals) = postSolution
		SolutionGuid = {B78E2AAF-85B4-4831-9471-B84CCB2CE5E4}
	EndGlobalSection
EndGlobal
